
Microsoft Visual Studio Solution File, Format Version 12.00
# Visual Studio Version 16
VisualStudioVersion = 16.0.32602.291
MinimumVisualStudioVersion = 10.0.40219.1
Project("{9A19103F-16F7-4668-BE54-9A1E7A4F7556}") = "Singleton", "ConsoleApp1\Singleton.csproj", "{3B96E76E-5FD9-4D47-A192-7826C22AF67A}"
EndProject
Project("{2150E333-8FDC-42A3-9474-1A3956D46DE8}") = "01-Singleton", "01-Singleton", "{80A30985-35A2-4B6B-9FE1-E8FBB9135A98}"
EndProject
Project("{2150E333-8FDC-42A3-9474-1A3956D46DE8}") = "02-FactoryMethod", "02-FactoryMethod", "{2BEA2DFA-8128-4743-9C30-17A931683E2A}"
EndProject
Project("{9A19103F-16F7-4668-BE54-9A1E7A4F7556}") = "FactoryMethod", "FactoryMethod\FactoryMethod.csproj", "{AD486E59-0274-4EF0-9419-A41A5484C8C9}"
EndProject
Project("{2150E333-8FDC-42A3-9474-1A3956D46DE8}") = "03-AbstractFactory", "03-AbstractFactory", "{D0B67500-9E43-490A-A541-ACEFB570DCF4}"
EndProject
Project("{9A19103F-16F7-4668-BE54-9A1E7A4F7556}") = "AbstractFactory", "AbstractFactory\AbstractFactory.csproj", "{07F5A22F-E29F-43B3-B751-136543FFDF55}"
EndProject
Project("{2150E333-8FDC-42A3-9474-1A3956D46DE8}") = "A-Creational", "A-Creational", "{337329DC-B862-4EE0-B8D1-D7F5DFDE179A}"
EndProject
Project("{2150E333-8FDC-42A3-9474-1A3956D46DE8}") = "04-Builder", "04-Builder", "{2AE47228-6C0F-4211-8DFB-9970EB1EB33C}"
EndProject
Project("{FAE04EC0-301F-11D3-BF4B-00C04F79EFBC}") = "Builder", "Builder\Builder.csproj", "{916F8585-063A-4A64-A2A4-DE4462E0CC96}"
EndProject
Global
	GlobalSection(SolutionConfigurationPlatforms) = preSolution
		Debug|Any CPU = Debug|Any CPU
		Release|Any CPU = Release|Any CPU
	EndGlobalSection
	GlobalSection(ProjectConfigurationPlatforms) = postSolution
		{3B96E76E-5FD9-4D47-A192-7826C22AF67A}.Debug|Any CPU.ActiveCfg = Debug|Any CPU
		{3B96E76E-5FD9-4D47-A192-7826C22AF67A}.Debug|Any CPU.Build.0 = Debug|Any CPU
		{3B96E76E-5FD9-4D47-A192-7826C22AF67A}.Release|Any CPU.ActiveCfg = Release|Any CPU
		{3B96E76E-5FD9-4D47-A192-7826C22AF67A}.Release|Any CPU.Build.0 = Release|Any CPU
		{AD486E59-0274-4EF0-9419-A41A5484C8C9}.Debug|Any CPU.ActiveCfg = Debug|Any CPU
		{AD486E59-0274-4EF0-9419-A41A5484C8C9}.Debug|Any CPU.Build.0 = Debug|Any CPU
		{AD486E59-0274-4EF0-9419-A41A5484C8C9}.Release|Any CPU.ActiveCfg = Release|Any CPU
		{AD486E59-0274-4EF0-9419-A41A5484C8C9}.Release|Any CPU.Build.0 = Release|Any CPU
		{07F5A22F-E29F-43B3-B751-136543FFDF55}.Debug|Any CPU.ActiveCfg = Debug|Any CPU
		{07F5A22F-E29F-43B3-B751-136543FFDF55}.Debug|Any CPU.Build.0 = Debug|Any CPU
		{07F5A22F-E29F-43B3-B751-136543FFDF55}.Release|Any CPU.ActiveCfg = Release|Any CPU
		{07F5A22F-E29F-43B3-B751-136543FFDF55}.Release|Any CPU.Build.0 = Release|Any CPU
		{916F8585-063A-4A64-A2A4-DE4462E0CC96}.Debug|Any CPU.ActiveCfg = Debug|Any CPU
		{916F8585-063A-4A64-A2A4-DE4462E0CC96}.Debug|Any CPU.Build.0 = Debug|Any CPU
		{916F8585-063A-4A64-A2A4-DE4462E0CC96}.Release|Any CPU.ActiveCfg = Release|Any CPU
		{916F8585-063A-4A64-A2A4-DE4462E0CC96}.Release|Any CPU.Build.0 = Release|Any CPU
	EndGlobalSection
	GlobalSection(SolutionProperties) = preSolution
		HideSolutionNode = FALSE
	EndGlobalSection
	GlobalSection(NestedProjects) = preSolution
		{3B96E76E-5FD9-4D47-A192-7826C22AF67A} = {80A30985-35A2-4B6B-9FE1-E8FBB9135A98}
		{80A30985-35A2-4B6B-9FE1-E8FBB9135A98} = {337329DC-B862-4EE0-B8D1-D7F5DFDE179A}
		{2BEA2DFA-8128-4743-9C30-17A931683E2A} = {337329DC-B862-4EE0-B8D1-D7F5DFDE179A}
		{AD486E59-0274-4EF0-9419-A41A5484C8C9} = {2BEA2DFA-8128-4743-9C30-17A931683E2A}
		{D0B67500-9E43-490A-A541-ACEFB570DCF4} = {337329DC-B862-4EE0-B8D1-D7F5DFDE179A}
		{07F5A22F-E29F-43B3-B751-136543FFDF55} = {D0B67500-9E43-490A-A541-ACEFB570DCF4}
		{2AE47228-6C0F-4211-8DFB-9970EB1EB33C} = {337329DC-B862-4EE0-B8D1-D7F5DFDE179A}
		{916F8585-063A-4A64-A2A4-DE4462E0CC96} = {2AE47228-6C0F-4211-8DFB-9970EB1EB33C}
	EndGlobalSection
	GlobalSection(ExtensibilityGlobals) = postSolution
		SolutionGuid = {C28682D1-67E3-411C-B4BB-4DC1BC036D55}
	EndGlobalSection
EndGlobal
